{
    "_meta": {
        "hash": {
            "sha256": "1dd078933f8803305da11d87199d68f0341b86d5bf15961aadfe3c662cf9229f"
        },
        "pipfile-spec": 6,
        "requires": {
            "python_version": "3.9"
        },
        "sources": [
            {
                "name": "pypi",
                "url": "https://pypi.org/simple",
                "verify_ssl": true
            }
        ]
    },
    "default": {
        "django-ordered-model": {
            "hashes": [
                "sha256:3a8a0259bfd73a0c0b124932bb1fe59a6d2f4cbea096b20634d2a2d1f5d585cc",
                "sha256:5aa58277b81b4ca93fb18caf15069af604bac5c5146d2c29aae56da07a86ef1b"
            ],
            "index": "pypi",
            "version": "==3.4.3"
        }
    },
    "develop": {}
}
